
Microsoft Visual Studio Solution File, Format Version 12.00
# Visual Studio 14
VisualStudioVersion = 14.0.23107.0
MinimumVisualStudioVersion = 10.0.40219.1
Project("{FAE04EC0-301F-11D3-BF4B-00C04F79EFBC}") = "ReactCalc", "ReactCalc\ReactCalc.csproj", "{14971DCD-4EC2-4046-8081-D7BE018003C6}"
EndProject
Project("{FAE04EC0-301F-11D3-BF4B-00C04F79EFBC}") = "TestCalc", "TestCalc\TestCalc.csproj", "{57DE304D-C6BD-47B0-8111-65FDDC06CCFF}"
EndProject
Project("{FAE04EC0-301F-11D3-BF4B-00C04F79EFBC}") = "FactorialLibrary", "FactorialLibrary\FactorialLibrary.csproj", "{AEA73B2B-0D3E-46BC-8781-945FB7B2E3D7}"
EndProject
Project("{FAE04EC0-301F-11D3-BF4B-00C04F79EFBC}") = "CalcBase", "CalcBase\CalcBase.csproj", "{84E232F2-E7EA-44DA-90E9-A0B5B8F2E9C1}"
EndProject
Project("{FAE04EC0-301F-11D3-BF4B-00C04F79EFBC}") = "ArithmeticLibrary", "ArithmeticLibrary\ArithmeticLibrary.csproj", "{6F62FF98-1A63-4A1B-9393-AE8B5561AF22}"
EndProject
Project("{FAE04EC0-301F-11D3-BF4B-00C04F79EFBC}") = "WinCalc", "WinCalc\WinCalc.csproj", "{C98D9C11-B1D1-4AE9-828D-DD5760D4D1D2}"
EndProject
Global
	GlobalSection(SolutionConfigurationPlatforms) = preSolution
		Debug|Any CPU = Debug|Any CPU
		Release|Any CPU = Release|Any CPU
	EndGlobalSection
	GlobalSection(ProjectConfigurationPlatforms) = postSolution
		{14971DCD-4EC2-4046-8081-D7BE018003C6}.Debug|Any CPU.ActiveCfg = Debug|Any CPU
		{14971DCD-4EC2-4046-8081-D7BE018003C6}.Debug|Any CPU.Build.0 = Debug|Any CPU
		{14971DCD-4EC2-4046-8081-D7BE018003C6}.Release|Any CPU.ActiveCfg = Release|Any CPU
		{14971DCD-4EC2-4046-8081-D7BE018003C6}.Release|Any CPU.Build.0 = Release|Any CPU
		{57DE304D-C6BD-47B0-8111-65FDDC06CCFF}.Debug|Any CPU.ActiveCfg = Debug|Any CPU
		{57DE304D-C6BD-47B0-8111-65FDDC06CCFF}.Debug|Any CPU.Build.0 = Debug|Any CPU
		{57DE304D-C6BD-47B0-8111-65FDDC06CCFF}.Release|Any CPU.ActiveCfg = Release|Any CPU
		{57DE304D-C6BD-47B0-8111-65FDDC06CCFF}.Release|Any CPU.Build.0 = Release|Any CPU
		{AEA73B2B-0D3E-46BC-8781-945FB7B2E3D7}.Debug|Any CPU.ActiveCfg = Debug|Any CPU
		{AEA73B2B-0D3E-46BC-8781-945FB7B2E3D7}.Debug|Any CPU.Build.0 = Debug|Any CPU
		{AEA73B2B-0D3E-46BC-8781-945FB7B2E3D7}.Release|Any CPU.ActiveCfg = Release|Any CPU
		{AEA73B2B-0D3E-46BC-8781-945FB7B2E3D7}.Release|Any CPU.Build.0 = Release|Any CPU
		{84E232F2-E7EA-44DA-90E9-A0B5B8F2E9C1}.Debug|Any CPU.ActiveCfg = Debug|Any CPU
		{84E232F2-E7EA-44DA-90E9-A0B5B8F2E9C1}.Debug|Any CPU.Build.0 = Debug|Any CPU
		{84E232F2-E7EA-44DA-90E9-A0B5B8F2E9C1}.Release|Any CPU.ActiveCfg = Release|Any CPU
		{84E232F2-E7EA-44DA-90E9-A0B5B8F2E9C1}.Release|Any CPU.Build.0 = Release|Any CPU
		{6F62FF98-1A63-4A1B-9393-AE8B5561AF22}.Debug|Any CPU.ActiveCfg = Debug|Any CPU
		{6F62FF98-1A63-4A1B-9393-AE8B5561AF22}.Debug|Any CPU.Build.0 = Debug|Any CPU
		{6F62FF98-1A63-4A1B-9393-AE8B5561AF22}.Release|Any CPU.ActiveCfg = Release|Any CPU
		{6F62FF98-1A63-4A1B-9393-AE8B5561AF22}.Release|Any CPU.Build.0 = Release|Any CPU
		{C98D9C11-B1D1-4AE9-828D-DD5760D4D1D2}.Debug|Any CPU.ActiveCfg = Debug|Any CPU
		{C98D9C11-B1D1-4AE9-828D-DD5760D4D1D2}.Debug|Any CPU.Build.0 = Debug|Any CPU
		{C98D9C11-B1D1-4AE9-828D-DD5760D4D1D2}.Release|Any CPU.ActiveCfg = Release|Any CPU
		{C98D9C11-B1D1-4AE9-828D-DD5760D4D1D2}.Release|Any CPU.Build.0 = Release|Any CPU
	EndGlobalSection
	GlobalSection(SolutionProperties) = preSolution
		HideSolutionNode = FALSE
	EndGlobalSection
EndGlobal
